
Microsoft Visual Studio Solution File, Format Version 12.00
Project("{FAE04EC0-301F-11D3-BF4B-00C04F79EFBC}") = "Inference", "Inference\Inference.csproj", "{CDCF9CF2-4249-46EB-8853-756F3344F039}"
EndProject
Global
	GlobalSection(SolutionConfigurationPlatforms) = preSolution
		Debug|Any CPU = Debug|Any CPU
		Release|Any CPU = Release|Any CPU
	EndGlobalSection
	GlobalSection(ProjectConfigurationPlatforms) = postSolution
		{CDCF9CF2-4249-46EB-8853-756F3344F039}.Debug|Any CPU.ActiveCfg = Debug|Any CPU
		{CDCF9CF2-4249-46EB-8853-756F3344F039}.Debug|Any CPU.Build.0 = Debug|Any CPU
		{CDCF9CF2-4249-46EB-8853-756F3344F039}.Release|Any CPU.ActiveCfg = Release|Any CPU
		{CDCF9CF2-4249-46EB-8853-756F3344F039}.Release|Any CPU.Build.0 = Release|Any CPU
	EndGlobalSection
EndGlobal
